// !$*UTF8*$!
{
	archiveVersion = 1;
	classes = {
	};
	objectVersion = 50;
	objects = {

/* Begin PBXBuildFile section */
		017C6A8C238F816500E8E429 /* LWNavigationViewController.swift in Sources */ = {isa = PBXBuildFile; fileRef = 017C6A8B238F816500E8E429 /* LWNavigationViewController.swift */; };
		01DB228C238F7A9300531B00 /* AppDelegate.swift in Sources */ = {isa = PBXBuildFile; fileRef = 01DB228B238F7A9300531B00 /* AppDelegate.swift */; };
		01DB228E238F7A9300531B00 /* SceneDelegate.swift in Sources */ = {isa = PBXBuildFile; fileRef = 01DB228D238F7A9300531B00 /* SceneDelegate.swift */; };
		01DB2290238F7A9300531B00 /* ViewController.swift in Sources */ = {isa = PBXBuildFile; fileRef = 01DB228F238F7A9300531B00 /* ViewController.swift */; };
		01DB2293238F7A9300531B00 /* Main.storyboard in Resources */ = {isa = PBXBuildFile; fileRef = 01DB2291238F7A9300531B00 /* Main.storyboard */; };
		01DB2295238F7A9600531B00 /* Assets.xcassets in Resources */ = {isa = PBXBuildFile; fileRef = 01DB2294238F7A9600531B00 /* Assets.xcassets */; };
		01DB2298238F7A9600531B00 /* LaunchScreen.storyboard in Resources */ = {isa = PBXBuildFile; fileRef = 01DB2296238F7A9600531B00 /* LaunchScreen.storyboard */; };
		01DB22A3238F7A9700531B00 /* swiftlearningTests.swift in Sources */ = {isa = PBXBuildFile; fileRef = 01DB22A2238F7A9700531B00 /* swiftlearningTests.swift */; };
		01DB22AE238F7A9700531B00 /* swiftlearningUITests.swift in Sources */ = {isa = PBXBuildFile; fileRef = 01DB22AD238F7A9700531B00 /* swiftlearningUITests.swift */; };
		01DB22BD238F7C3800531B00 /* SnapKit.framework in Frameworks */ = {isa = PBXBuildFile; fileRef = 01DB22BC238F7C3800531B00 /* SnapKit.framework */; };
		01DB22C1238F7C5F00531B00 /* LWSnapKitDemoViewController.swift in Sources */ = {isa = PBXBuildFile; fileRef = 01DB22C0238F7C5F00531B00 /* LWSnapKitDemoViewController.swift */; };
		01DB22C6238F7EDB00531B00 /* Bundle+Extensions.swift in Sources */ = {isa = PBXBuildFile; fileRef = 01DB22C5238F7EDB00531B00 /* Bundle+Extensions.swift */; };
/* End PBXBuildFile section */

/* Begin PBXContainerItemProxy section */
		01DB229F238F7A9700531B00 /* PBXContainerItemProxy */ = {
			isa = PBXContainerItemProxy;
			containerPortal = 01DB2280238F7A9300531B00 /* Project object */;
			proxyType = 1;
			remoteGlobalIDString = 01DB2287238F7A9300531B00;
			remoteInfo = swiftlearning;
		};
		01DB22AA238F7A9700531B00 /* PBXContainerItemProxy */ = {
			isa = PBXContainerItemProxy;
			containerPortal = 01DB2280238F7A9300531B00 /* Project object */;
			proxyType = 1;
			remoteGlobalIDString = 01DB2287238F7A9300531B00;
			remoteInfo = swiftlearning;
		};
/* End PBXContainerItemProxy section */

/* Begin PBXFileReference section */
		017C6A8B238F816500E8E429 /* LWNavigationViewController.swift */ = {isa = PBXFileReference; lastKnownFileType = sourcecode.swift; path = LWNavigationViewController.swift; sourceTree = "<group>"; };
		01DB2288238F7A9300531B00 /* swiftlearning.app */ = {isa = PBXFileReference; explicitFileType = wrapper.application; includeInIndex = 0; path = swiftlearning.app; sourceTree = BUILT_PRODUCTS_DIR; };
		01DB228B238F7A9300531B00 /* AppDelegate.swift */ = {isa = PBXFileReference; lastKnownFileType = sourcecode.swift; path = AppDelegate.swift; sourceTree = "<group>"; };
		01DB228D238F7A9300531B00 /* SceneDelegate.swift */ = {isa = PBXFileReference; lastKnownFileType = sourcecode.swift; path = SceneDelegate.swift; sourceTree = "<group>"; };
		01DB228F238F7A9300531B00 /* ViewController.swift */ = {isa = PBXFileReference; lastKnownFileType = sourcecode.swift; path = ViewController.swift; sourceTree = "<group>"; };
		01DB2292238F7A9300531B00 /* Base */ = {isa = PBXFileReference; lastKnownFileType = file.storyboard; name = Base; path = Base.lproj/Main.storyboard; sourceTree = "<group>"; };
		01DB2294238F7A9600531B00 /* Assets.xcassets */ = {isa = PBXFileReference; lastKnownFileType = folder.assetcatalog; path = Assets.xcassets; sourceTree = "<group>"; };
		01DB2297238F7A9600531B00 /* Base */ = {isa = PBXFileReference; lastKnownFileType = file.storyboard; name = Base; path = Base.lproj/LaunchScreen.storyboard; sourceTree = "<group>"; };
		01DB2299238F7A9600531B00 /* Info.plist */ = {isa = PBXFileReference; lastKnownFileType = text.plist.xml; path = Info.plist; sourceTree = "<group>"; };
		01DB229E238F7A9700531B00 /* swiftlearningTests.xctest */ = {isa = PBXFileReference; explicitFileType = wrapper.cfbundle; includeInIndex = 0; path = swiftlearningTests.xctest; sourceTree = BUILT_PRODUCTS_DIR; };
		01DB22A2238F7A9700531B00 /* swiftlearningTests.swift */ = {isa = PBXFileReference; lastKnownFileType = sourcecode.swift; path = swiftlearningTests.swift; sourceTree = "<group>"; };
		01DB22A4238F7A9700531B00 /* Info.plist */ = {isa = PBXFileReference; lastKnownFileType = text.plist.xml; path = Info.plist; sourceTree = "<group>"; };
		01DB22A9238F7A9700531B00 /* swiftlearningUITests.xctest */ = {isa = PBXFileReference; explicitFileType = wrapper.cfbundle; includeInIndex = 0; path = swiftlearningUITests.xctest; sourceTree = BUILT_PRODUCTS_DIR; };
		01DB22AD238F7A9700531B00 /* swiftlearningUITests.swift */ = {isa = PBXFileReference; lastKnownFileType = sourcecode.swift; path = swiftlearningUITests.swift; sourceTree = "<group>"; };
		01DB22AF238F7A9700531B00 /* Info.plist */ = {isa = PBXFileReference; lastKnownFileType = text.plist.xml; path = Info.plist; sourceTree = "<group>"; };
		01DB22BC238F7C3800531B00 /* SnapKit.framework */ = {isa = PBXFileReference; lastKnownFileType = wrapper.framework; name = SnapKit.framework; path = Carthage/Build/iOS/SnapKit.framework; sourceTree = "<group>"; };
		01DB22C0238F7C5F00531B00 /* LWSnapKitDemoViewController.swift */ = {isa = PBXFileReference; lastKnownFileType = sourcecode.swift; path = LWSnapKitDemoViewController.swift; sourceTree = "<group>"; };
		01DB22C5238F7EDB00531B00 /* Bundle+Extensions.swift */ = {isa = PBXFileReference; lastKnownFileType = sourcecode.swift; path = "Bundle+Extensions.swift"; sourceTree = "<group>"; };
/* End PBXFileReference section */

/* Begin PBXFrameworksBuildPhase section */
		01DB2285238F7A9300531B00 /* Frameworks */ = {
			isa = PBXFrameworksBuildPhase;
			buildActionMask = 2147483647;
			files = (
				01DB22BD238F7C3800531B00 /* SnapKit.framework in Frameworks */,
			);
			runOnlyForDeploymentPostprocessing = 0;
		};
		01DB229B238F7A9600531B00 /* Frameworks */ = {
			isa = PBXFrameworksBuildPhase;
			buildActionMask = 2147483647;
			files = (
			);
			runOnlyForDeploymentPostprocessing = 0;
		};
		01DB22A6238F7A9700531B00 /* Frameworks */ = {
			isa = PBXFrameworksBuildPhase;
			buildActionMask = 2147483647;
			files = (
			);
			runOnlyForDeploymentPostprocessing = 0;
		};
/* End PBXFrameworksBuildPhase section */

/* Begin PBXGroup section */
		017C6A8A238F809900E8E429 /* Base */ = {
			isa = PBXGroup;
			children = (
				017C6A8B238F816500E8E429 /* LWNavigationViewController.swift */,
			);
			path = Base;
			sourceTree = "<group>";
		};
		01DB227F238F7A9300531B00 = {
			isa = PBXGroup;
			children = (
				01DB228A238F7A9300531B00 /* swiftlearning */,
				01DB22A1238F7A9700531B00 /* swiftlearningTests */,
				01DB22AC238F7A9700531B00 /* swiftlearningUITests */,
				01DB2289238F7A9300531B00 /* Products */,
				01DB22BB238F7C3800531B00 /* Frameworks */,
			);
			sourceTree = "<group>";
		};
		01DB2289238F7A9300531B00 /* Products */ = {
			isa = PBXGroup;
			children = (
				01DB2288238F7A9300531B00 /* swiftlearning.app */,
				01DB229E238F7A9700531B00 /* swiftlearningTests.xctest */,
				01DB22A9238F7A9700531B00 /* swiftlearningUITests.xctest */,
			);
			name = Products;
			sourceTree = "<group>";
		};
		01DB228A238F7A9300531B00 /* swiftlearning */ = {
			isa = PBXGroup;
			children = (
				017C6A8A238F809900E8E429 /* Base */,
				01DB22C3238F7EAE00531B00 /* Tools */,
				01DB22BE238F7C4200531B00 /* Demo */,
				01DB228B238F7A9300531B00 /* AppDelegate.swift */,
				01DB228D238F7A9300531B00 /* SceneDelegate.swift */,
				01DB228F238F7A9300531B00 /* ViewController.swift */,
				01DB2291238F7A9300531B00 /* Main.storyboard */,
				01DB2294238F7A9600531B00 /* Assets.xcassets */,
				01DB2296238F7A9600531B00 /* LaunchScreen.storyboard */,
				01DB2299238F7A9600531B00 /* Info.plist */,
			);
			path = swiftlearning;
			sourceTree = "<group>";
		};
		01DB22A1238F7A9700531B00 /* swiftlearningTests */ = {
			isa = PBXGroup;
			children = (
				01DB22A2238F7A9700531B00 /* swiftlearningTests.swift */,
				01DB22A4238F7A9700531B00 /* Info.plist */,
			);
			path = swiftlearningTests;
			sourceTree = "<group>";
		};
		01DB22AC238F7A9700531B00 /* swiftlearningUITests */ = {
			isa = PBXGroup;
			children = (
				01DB22AD238F7A9700531B00 /* swiftlearningUITests.swift */,
				01DB22AF238F7A9700531B00 /* Info.plist */,
			);
			path = swiftlearningUITests;
			sourceTree = "<group>";
		};
		01DB22BB238F7C3800531B00 /* Frameworks */ = {
			isa = PBXGroup;
			children = (
				01DB22BC238F7C3800531B00 /* SnapKit.framework */,
			);
			name = Frameworks;
			sourceTree = "<group>";
		};
		01DB22BE238F7C4200531B00 /* Demo */ = {
			isa = PBXGroup;
			children = (
				01DB22BF238F7C4A00531B00 /* SnapKitDemo */,
			);
			path = Demo;
			sourceTree = "<group>";
		};
		01DB22BF238F7C4A00531B00 /* SnapKitDemo */ = {
			isa = PBXGroup;
			children = (
				01DB22C0238F7C5F00531B00 /* LWSnapKitDemoViewController.swift */,
			);
			path = SnapKitDemo;
			sourceTree = "<group>";
		};
		01DB22C3238F7EAE00531B00 /* Tools */ = {
			isa = PBXGroup;
			children = (
				01DB22C4238F7EB900531B00 /* Extensions */,
			);
			path = Tools;
			sourceTree = "<group>";
		};
		01DB22C4238F7EB900531B00 /* Extensions */ = {
			isa = PBXGroup;
			children = (
				01DB22C5238F7EDB00531B00 /* Bundle+Extensions.swift */,
			);
			path = Extensions;
			sourceTree = "<group>";
		};
/* End PBXGroup section */

/* Begin PBXNativeTarget section */
		01DB2287238F7A9300531B00 /* swiftlearning */ = {
			isa = PBXNativeTarget;
			buildConfigurationList = 01DB22B2238F7A9700531B00 /* Build configuration list for PBXNativeTarget "swiftlearning" */;
			buildPhases = (
				01DB2284238F7A9300531B00 /* Sources */,
				01DB2285238F7A9300531B00 /* Frameworks */,
				01DB2286238F7A9300531B00 /* Resources */,
				01DB22C2238F7C9600531B00 /* ShellScript */,
			);
			buildRules = (
			);
			dependencies = (
			);
			name = swiftlearning;
			productName = swiftlearning;
			productReference = 01DB2288238F7A9300531B00 /* swiftlearning.app */;
			productType = "com.apple.product-type.application";
		};
		01DB229D238F7A9600531B00 /* swiftlearningTests */ = {
			isa = PBXNativeTarget;
			buildConfigurationList = 01DB22B5238F7A9700531B00 /* Build configuration list for PBXNativeTarget "swiftlearningTests" */;
			buildPhases = (
				01DB229A238F7A9600531B00 /* Sources */,
				01DB229B238F7A9600531B00 /* Frameworks */,
				01DB229C238F7A9600531B00 /* Resources */,
			);
			buildRules = (
			);
			dependencies = (
				01DB22A0238F7A9700531B00 /* PBXTargetDependency */,
			);
			name = swiftlearningTests;
			productName = swiftlearningTests;
			productReference = 01DB229E238F7A9700531B00 /* swiftlearningTests.xctest */;
			productType = "com.apple.product-type.bundle.unit-test";
		};
		01DB22A8238F7A9700531B00 /* swiftlearningUITests */ = {
			isa = PBXNativeTarget;
			buildConfigurationList = 01DB22B8238F7A9700531B00 /* Build configuration list for PBXNativeTarget "swiftlearningUITests" */;
			buildPhases = (
				01DB22A5238F7A9700531B00 /* Sources */,
				01DB22A6238F7A9700531B00 /* Frameworks */,
				01DB22A7238F7A9700531B00 /* Resources */,
			);
			buildRules = (
			);
			dependencies = (
				01DB22AB238F7A9700531B00 /* PBXTargetDependency */,
			);
			name = swiftlearningUITests;
			productName = swiftlearningUITests;
			productReference = 01DB22A9238F7A9700531B00 /* swiftlearningUITests.xctest */;
			productType = "com.apple.product-type.bundle.ui-testing";
		};
/* End PBXNativeTarget section */

/* Begin PBXProject section */
		01DB2280238F7A9300531B00 /* Project object */ = {
			isa = PBXProject;
			attributes = {
				CLASSPREFIX = LW;
				LastSwiftUpdateCheck = 1120;
				LastUpgradeCheck = 1120;
				ORGANIZATIONNAME = liuwei;
				TargetAttributes = {
					01DB2287238F7A9300531B00 = {
						CreatedOnToolsVersion = 11.2.1;
					};
					01DB229D238F7A9600531B00 = {
						CreatedOnToolsVersion = 11.2.1;
						TestTargetID = 01DB2287238F7A9300531B00;
					};
					01DB22A8238F7A9700531B00 = {
						CreatedOnToolsVersion = 11.2.1;
						TestTargetID = 01DB2287238F7A9300531B00;
					};
				};
			};
			buildConfigurationList = 01DB2283238F7A9300531B00 /* Build configuration list for PBXProject "swiftlearning" */;
			compatibilityVersion = "Xcode 9.3";
			developmentRegion = en;
			hasScannedForEncodings = 0;
			knownRegions = (
				en,
				Base,
			);
			mainGroup = 01DB227F238F7A9300531B00;
			productRefGroup = 01DB2289238F7A9300531B00 /* Products */;
			projectDirPath = "";
			projectRoot = "";
			targets = (
				01DB2287238F7A9300531B00 /* swiftlearning */,
				01DB229D238F7A9600531B00 /* swiftlearningTests */,
				01DB22A8238F7A9700531B00 /* swiftlearningUITests */,
			);
		};
/* End PBXProject section */

/* Begin PBXResourcesBuildPhase section */
		01DB2286238F7A9300531B00 /* Resources */ = {
			isa = PBXResourcesBuildPhase;
			buildActionMask = 2147483647;
			files = (
				01DB2298238F7A9600531B00 /* LaunchScreen.storyboard in Resources */,
				01DB2295238F7A9600531B00 /* Assets.xcassets in Resources */,
				01DB2293238F7A9300531B00 /* Main.storyboard in Resources */,
			);
			runOnlyForDeploymentPostprocessing = 0;
		};
		01DB229C238F7A9600531B00 /* Resources */ = {
			isa = PBXResourcesBuildPhase;
			buildActionMask = 2147483647;
			files = (
			);
			runOnlyForDeploymentPostprocessing = 0;
		};
		01DB22A7238F7A9700531B00 /* Resources */ = {
			isa = PBXResourcesBuildPhase;
			buildActionMask = 2147483647;
			files = (
			);
			runOnlyForDeploymentPostprocessing = 0;
		};
/* End PBXResourcesBuildPhase section */

/* Begin PBXShellScriptBuildPhase section */
		01DB22C2238F7C9600531B00 /* ShellScript */ = {
			isa = PBXShellScriptBuildPhase;
			buildActionMask = 2147483647;
			files = (
			);
			inputFileListPaths = (
			);
			inputPaths = (
				"$(SRCROOT)/Carthage/Build/iOS/SnapKit.framework",
			);
			outputFileListPaths = (
			);
			outputPaths = (
			);
			runOnlyForDeploymentPostprocessing = 0;
			shellPath = /bin/sh;
			shellScript = "/usr/local/bin/carthage copy-frameworks\n";
		};
/* End PBXShellScriptBuildPhase section */

/* Begin PBXSourcesBuildPhase section */
		01DB2284238F7A9300531B00 /* Sources */ = {
			isa = PBXSourcesBuildPhase;
			buildActionMask = 2147483647;
			files = (
				01DB22C1238F7C5F00531B00 /* LWSnapKitDemoViewController.swift in Sources */,
				01DB2290238F7A9300531B00 /* ViewController.swift in Sources */,
				017C6A8C238F816500E8E429 /* LWNavigationViewController.swift in Sources */,
				01DB228C238F7A9300531B00 /* AppDelegate.swift in Sources */,
				01DB22C6238F7EDB00531B00 /* Bundle+Extensions.swift in Sources */,
				01DB228E238F7A9300531B00 /* SceneDelegate.swift in Sources */,
			);
			runOnlyForDeploymentPostprocessing = 0;
		};
		01DB229A238F7A9600531B00 /* Sources */ = {
			isa = PBXSourcesBuildPhase;
			buildActionMask = 2147483647;
			files = (
				01DB22A3238F7A9700531B00 /* swiftlearningTests.swift in Sources */,
			);
			runOnlyForDeploymentPostprocessing = 0;
		};
		01DB22A5238F7A9700531B00 /* Sources */ = {
			isa = PBXSourcesBuildPhase;
			buildActionMask = 2147483647;
			files = (
				01DB22AE238F7A9700531B00 /* swiftlearningUITests.swift in Sources */,
			);
			runOnlyForDeploymentPostprocessing = 0;
		};
/* End PBXSourcesBuildPhase section */

/* Begin PBXTargetDependency section */
		01DB22A0238F7A9700531B00 /* PBXTargetDependency */ = {
			isa = PBXTargetDependency;
			target = 01DB2287238F7A9300531B00 /* swiftlearning */;
			targetProxy = 01DB229F238F7A9700531B00 /* PBXContainerItemProxy */;
		};
		01DB22AB238F7A9700531B00 /* PBXTargetDependency */ = {
			isa = PBXTargetDependency;
			target = 01DB2287238F7A9300531B00 /* swiftlearning */;
			targetProxy = 01DB22AA238F7A9700531B00 /* PBXContainerItemProxy */;
		};
/* End PBXTargetDependency section */

/* Begin PBXVariantGroup section */
		01DB2291238F7A9300531B00 /* Main.storyboard */ = {
			isa = PBXVariantGroup;
			children = (
				01DB2292238F7A9300531B00 /* Base */,
			);
			name = Main.storyboard;
			sourceTree = "<group>";
		};
		01DB2296238F7A9600531B00 /* LaunchScreen.storyboard */ = {
			isa = PBXVariantGroup;
			children = (
				01DB2297238F7A9600531B00 /* Base */,
			);
			name = LaunchScreen.storyboard;
			sourceTree = "<group>";
		};
/* End PBXVariantGroup section */

/* Begin XCBuildConfiguration section */
		01DB22B0238F7A9700531B00 /* Debug */ = {
			isa = XCBuildConfiguration;
			buildSettings = {
				ALWAYS_SEARCH_USER_PATHS = NO;
				CLANG_ANALYZER_NONNULL = YES;
				CLANG_ANALYZER_NUMBER_OBJECT_CONVERSION = YES_AGGRESSIVE;
				CLANG_CXX_LANGUAGE_STANDARD = "gnu++14";
				CLANG_CXX_LIBRARY = "libc++";
				CLANG_ENABLE_MODULES = YES;
				CLANG_ENABLE_OBJC_ARC = YES;
				CLANG_ENABLE_OBJC_WEAK = YES;
				CLANG_WARN_BLOCK_CAPTURE_AUTORELEASING = YES;
				CLANG_WARN_BOOL_CONVERSION = YES;
				CLANG_WARN_COMMA = YES;
				CLANG_WARN_CONSTANT_CONVERSION = YES;
				CLANG_WARN_DEPRECATED_OBJC_IMPLEMENTATIONS = YES;
				CLANG_WARN_DIRECT_OBJC_ISA_USAGE = YES_ERROR;
				CLANG_WARN_DOCUMENTATION_COMMENTS = YES;
				CLANG_WARN_EMPTY_BODY = YES;
				CLANG_WARN_ENUM_CONVERSION = YES;
				CLANG_WARN_INFINITE_RECURSION = YES;
				CLANG_WARN_INT_CONVERSION = YES;
				CLANG_WARN_NON_LITERAL_NULL_CONVERSION = YES;
				CLANG_WARN_OBJC_IMPLICIT_RETAIN_SELF = YES;
				CLANG_WARN_OBJC_LITERAL_CONVERSION = YES;
				CLANG_WARN_OBJC_ROOT_CLASS = YES_ERROR;
				CLANG_WARN_RANGE_LOOP_ANALYSIS = YES;
				CLANG_WARN_STRICT_PROTOTYPES = YES;
				CLANG_WARN_SUSPICIOUS_MOVE = YES;
				CLANG_WARN_UNGUARDED_AVAILABILITY = YES_AGGRESSIVE;
				CLANG_WARN_UNREACHABLE_CODE = YES;
				CLANG_WARN__DUPLICATE_METHOD_MATCH = YES;
				COPY_PHASE_STRIP = NO;
				DEBUG_INFORMATION_FORMAT = dwarf;
				ENABLE_STRICT_OBJC_MSGSEND = YES;
				ENABLE_TESTABILITY = YES;
				GCC_C_LANGUAGE_STANDARD = gnu11;
				GCC_DYNAMIC_NO_PIC = NO;
				GCC_NO_COMMON_BLOCKS = YES;
				GCC_OPTIMIZATION_LEVEL = 0;
				GCC_PREPROCESSOR_DEFINITIONS = (
					"DEBUG=1",
					"$(inherited)",
				);
				GCC_WARN_64_TO_32_BIT_CONVERSION = YES;
				GCC_WARN_ABOUT_RETURN_TYPE = YES_ERROR;
				GCC_WARN_UNDECLARED_SELECTOR = YES;
				GCC_WARN_UNINITIALIZED_AUTOS = YES_AGGRESSIVE;
				GCC_WARN_UNUSED_FUNCTION = YES;
				GCC_WARN_UNUSED_VARIABLE = YES;
				IPHONEOS_DEPLOYMENT_TARGET = 13.2;
				MTL_ENABLE_DEBUG_INFO = INCLUDE_SOURCE;
				MTL_FAST_MATH = YES;
				ONLY_ACTIVE_ARCH = YES;
				SDKROOT = iphoneos;
				SWIFT_ACTIVE_COMPILATION_CONDITIONS = DEBUG;
				SWIFT_OPTIMIZATION_LEVEL = "-Onone";
			};
			name = Debug;
		};
		01DB22B1238F7A9700531B00 /* Release */ = {
			isa = XCBuildConfiguration;
			buildSettings = {
				ALWAYS_SEARCH_USER_PATHS = NO;
				CLANG_ANALYZER_NONNULL = YES;
				CLANG_ANALYZER_NUMBER_OBJECT_CONVERSION = YES_AGGRESSIVE;
				CLANG_CXX_LANGUAGE_STANDARD = "gnu++14";
				CLANG_CXX_LIBRARY = "libc++";
				CLANG_ENABLE_MODULES = YES;
				CLANG_ENABLE_OBJC_ARC = YES;
				CLANG_ENABLE_OBJC_WEAK = YES;
				CLANG_WARN_BLOCK_CAPTURE_AUTORELEASING = YES;
				CLANG_WARN_BOOL_CONVERSION = YES;
				CLANG_WARN_COMMA = YES;
				CLANG_WARN_CONSTANT_CONVERSION = YES;
				CLANG_WARN_DEPRECATED_OBJC_IMPLEMENTATIONS = YES;
				CLANG_WARN_DIRECT_OBJC_ISA_USAGE = YES_ERROR;
				CLANG_WARN_DOCUMENTATION_COMMENTS = YES;
				CLANG_WARN_EMPTY_BODY = YES;
				CLANG_WARN_ENUM_CONVERSION = YES;
				CLANG_WARN_INFINITE_RECURSION = YES;
				CLANG_WARN_INT_CONVERSION = YES;
				CLANG_WARN_NON_LITERAL_NULL_CONVERSION = YES;
				CLANG_WARN_OBJC_IMPLICIT_RETAIN_SELF = YES;
				CLANG_WARN_OBJC_LITERAL_CONVERSION = YES;
				CLANG_WARN_OBJC_ROOT_CLASS = YES_ERROR;
				CLANG_WARN_RANGE_LOOP_ANALYSIS = YES;
				CLANG_WARN_STRICT_PROTOTYPES = YES;
				CLANG_WARN_SUSPICIOUS_MOVE = YES;
				CLANG_WARN_UNGUARDED_AVAILABILITY = YES_AGGRESSIVE;
				CLANG_WARN_UNREACHABLE_CODE = YES;
				CLANG_WARN__DUPLICATE_METHOD_MATCH = YES;
				COPY_PHASE_STRIP = NO;
				DEBUG_INFORMATION_FORMAT = "dwarf-with-dsym";
				ENABLE_NS_ASSERTIONS = NO;
				ENABLE_STRICT_OBJC_MSGSEND = YES;
				GCC_C_LANGUAGE_STANDARD = gnu11;
				GCC_NO_COMMON_BLOCKS = YES;
				GCC_WARN_64_TO_32_BIT_CONVERSION = YES;
				GCC_WARN_ABOUT_RETURN_TYPE = YES_ERROR;
				GCC_WARN_UNDECLARED_SELECTOR = YES;
				GCC_WARN_UNINITIALIZED_AUTOS = YES_AGGRESSIVE;
				GCC_WARN_UNUSED_FUNCTION = YES;
				GCC_WARN_UNUSED_VARIABLE = YES;
				IPHONEOS_DEPLOYMENT_TARGET = 13.2;
				MTL_ENABLE_DEBUG_INFO = NO;
				MTL_FAST_MATH = YES;
				SDKROOT = iphoneos;
				SWIFT_COMPILATION_MODE = wholemodule;
				SWIFT_OPTIMIZATION_LEVEL = "-O";
				VALIDATE_PRODUCT = YES;
			};
			name = Release;
		};
		01DB22B3238F7A9700531B00 /* Debug */ = {
			isa = XCBuildConfiguration;
			buildSettings = {
				ASSETCATALOG_COMPILER_APPICON_NAME = AppIcon;
				CODE_SIGN_STYLE = Automatic;
				DEVELOPMENT_TEAM = M6Q3645T4K;
				FRAMEWORK_SEARCH_PATHS = (
					"$(inherited)",
					"$(PROJECT_DIR)/Carthage/Build/iOS",
				);
				INFOPLIST_FILE = swiftlearning/Info.plist;
				LD_RUNPATH_SEARCH_PATHS = (
					"$(inherited)",
					"@executable_path/Frameworks",
				);
				PRODUCT_BUNDLE_IDENTIFIER = com.orcsor.ios.swiftlearning;
				PRODUCT_NAME = "$(TARGET_NAME)";
				SWIFT_VERSION = 5.0;
				TARGETED_DEVICE_FAMILY = "1,2";
			};
			name = Debug;
		};
		01DB22B4238F7A9700531B00 /* Release */ = {
			isa = XCBuildConfiguration;
			buildSettings = {
				ASSETCATALOG_COMPILER_APPICON_NAME = AppIcon;
				CODE_SIGN_STYLE = Automatic;
				DEVELOPMENT_TEAM = M6Q3645T4K;
				FRAMEWORK_SEARCH_PATHS = (
					"$(inherited)",
					"$(PROJECT_DIR)/Carthage/Build/iOS",
				);
				INFOPLIST_FILE = swiftlearning/Info.plist;
				LD_RUNPATH_SEARCH_PATHS = (
					"$(inherited)",
					"@executable_path/Frameworks",
				);
				PRODUCT_BUNDLE_IDENTIFIER = com.orcsor.ios.swiftlearning;
				PRODUCT_NAME = "$(TARGET_NAME)";
				SWIFT_VERSION = 5.0;
				TARGETED_DEVICE_FAMILY = "1,2";
			};
			name = Release;
		};
		01DB22B6238F7A9700531B00 /* Debug */ = {
			isa = XCBuildConfiguration;
			buildSettings = {
				ALWAYS_EMBED_SWIFT_STANDARD_LIBRARIES = YES;
				BUNDLE_LOADER = "$(TEST_HOST)";
				CODE_SIGN_STYLE = Automatic;
				DEVELOPMENT_TEAM = M6Q3645T4K;
				INFOPLIST_FILE = swiftlearningTests/Info.plist;
				IPHONEOS_DEPLOYMENT_TARGET = 13.2;
				LD_RUNPATH_SEARCH_PATHS = (
					"$(inherited)",
					"@executable_path/Frameworks",
					"@loader_path/Frameworks",
				);
				PRODUCT_BUNDLE_IDENTIFIER = com.orcsor.ios.swiftlearningTests;
				PRODUCT_NAME = "$(TARGET_NAME)";
				SWIFT_VERSION = 5.0;
				TARGETED_DEVICE_FAMILY = "1,2";
				TEST_HOST = "$(BUILT_PRODUCTS_DIR)/swiftlearning.app/swiftlearning";
			};
			name = Debug;
		};
		01DB22B7238F7A9700531B00 /* Release */ = {
			isa = XCBuildConfiguration;
			buildSettings = {
				ALWAYS_EMBED_SWIFT_STANDARD_LIBRARIES = YES;
				BUNDLE_LOADER = "$(TEST_HOST)";
				CODE_SIGN_STYLE = Automatic;
				DEVELOPMENT_TEAM = M6Q3645T4K;
				INFOPLIST_FILE = swiftlearningTests/Info.plist;
				IPHONEOS_DEPLOYMENT_TARGET = 13.2;
				LD_RUNPATH_SEARCH_PATHS = (
					"$(inherited)",
					"@executable_path/Frameworks",
					"@loader_path/Frameworks",
				);
				PRODUCT_BUNDLE_IDENTIFIER = com.orcsor.ios.swiftlearningTests;
				PRODUCT_NAME = "$(TARGET_NAME)";
				SWIFT_VERSION = 5.0;
				TARGETED_DEVICE_FAMILY = "1,2";
				TEST_HOST = "$(BUILT_PRODUCTS_DIR)/swiftlearning.app/swiftlearning";
			};
			name = Release;
		};
		01DB22B9238F7A9700531B00 /* Debug */ = {
			isa = XCBuildConfiguration;
			buildSettings = {
				ALWAYS_EMBED_SWIFT_STANDARD_LIBRARIES = YES;
				CODE_SIGN_STYLE = Automatic;
				DEVELOPMENT_TEAM = M6Q3645T4K;
				INFOPLIST_FILE = swiftlearningUITests/Info.plist;
				LD_RUNPATH_SEARCH_PATHS = (
					"$(inherited)",
					"@executable_path/Frameworks",
					"@loader_path/Frameworks",
				);
				PRODUCT_BUNDLE_IDENTIFIER = com.orcsor.ios.swiftlearningUITests;
				PRODUCT_NAME = "$(TARGET_NAME)";
				SWIFT_VERSION = 5.0;
				TARGETED_DEVICE_FAMILY = "1,2";
				TEST_TARGET_NAME = swiftlearning;
			};
			name = Debug;
		};
		01DB22BA238F7A9700531B00 /* Release */ = {
			isa = XCBuildConfiguration;
			buildSettings = {
				ALWAYS_EMBED_SWIFT_STANDARD_LIBRARIES = YES;
				CODE_SIGN_STYLE = Automatic;
				DEVELOPMENT_TEAM = M6Q3645T4K;
				INFOPLIST_FILE = swiftlearningUITests/Info.plist;
				LD_RUNPATH_SEARCH_PATHS = (
					"$(inherited)",
					"@executable_path/Frameworks",
					"@loader_path/Frameworks",
				);
				PRODUCT_BUNDLE_IDENTIFIER = com.orcsor.ios.swiftlearningUITests;
				PRODUCT_NAME = "$(TARGET_NAME)";
				SWIFT_VERSION = 5.0;
				TARGETED_DEVICE_FAMILY = "1,2";
				TEST_TARGET_NAME = swiftlearning;
			};
			name = Release;
		};
/* End XCBuildConfiguration section */

/* Begin XCConfigurationList section */
		01DB2283238F7A9300531B00 /* Build configuration list for PBXProject "swiftlearning" */ = {
			isa = XCConfigurationList;
			buildConfigurations = (
				01DB22B0238F7A9700531B00 /* Debug */,
				01DB22B1238F7A9700531B00 /* Release */,
			);
			defaultConfigurationIsVisible = 0;
			defaultConfigurationName = Release;
		};
		01DB22B2238F7A9700531B00 /* Build configuration list for PBXNativeTarget "swiftlearning" */ = {
			isa = XCConfigurationList;
			buildConfigurations = (
				01DB22B3238F7A9700531B00 /* Debug */,
				01DB22B4238F7A9700531B00 /* Release */,
			);
			defaultConfigurationIsVisible = 0;
			defaultConfigurationName = Release;
		};
		01DB22B5238F7A9700531B00 /* Build configuration list for PBXNativeTarget "swiftlearningTests" */ = {
			isa = XCConfigurationList;
			buildConfigurations = (
				01DB22B6238F7A9700531B00 /* Debug */,
				01DB22B7238F7A9700531B00 /* Release */,
			);
			defaultConfigurationIsVisible = 0;
			defaultConfigurationName = Release;
		};
		01DB22B8238F7A9700531B00 /* Build configuration list for PBXNativeTarget "swiftlearningUITests" */ = {
			isa = XCConfigurationList;
			buildConfigurations = (
				01DB22B9238F7A9700531B00 /* Debug */,
				01DB22BA238F7A9700531B00 /* Release */,
			);
			defaultConfigurationIsVisible = 0;
			defaultConfigurationName = Release;
		};
/* End XCConfigurationList section */
	};
	rootObject = 01DB2280238F7A9300531B00 /* Project object */;
}
